{
    "_readme": [
        "This file locks the dependencies of your project to a known state",
        "Read more about it at http://getcomposer.org/doc/01-basic-usage.md#composer-lock-the-lock-file"
    ],
    "hash": "a6c40030f21d2739b51bcebf601e1a94",
    "packages": [
        {
            "name": "beberlei/assert",
            "version": "dev-master",
            "source": {
                "type": "git",
                "url": "https://github.com/beberlei/assert.git",
                "reference": "11a44345da7b33634be0f6c0e0507755e936a738"
            },
            "dist": {
                "type": "zip",
                "url": "https://api.github.com/repos/beberlei/assert/zipball/11a44345da7b33634be0f6c0e0507755e936a738",
                "reference": "11a44345da7b33634be0f6c0e0507755e936a738",
                "shasum": ""
            },
            "require": {
                "ext-mbstring": "*"
            },
            "type": "library",
            "autoload": {
                "psr-0": {
                    "Assert": "lib/"
                }
            },
            "notification-url": "https://packagist.org/downloads/",
            "license": [
                "BSD-2-Clause"
            ],
            "authors": [
                {
                    "name": "Benjamin Eberlei",
                    "email": "kontakt@beberlei.de"
                }
            ],
            "description": "Thin assertion library for input validation in business models.",
            "keywords": [
                "assert",
                "assertion",
                "validation"
            ],
            "time": "2013-07-24 16:58:55"
        }
    ],
    "packages-dev": [
        {
            "name": "lapistano/proxy-object",
            "version": "dev-master",
            "source": {
                "type": "git",
                "url": "https://github.com/lapistano/proxy-object.git",
                "reference": "bf26e21c32bd938f75c4ad43e10b65c1925f76a0"
            },
            "dist": {
                "type": "zip",
                "url": "https://api.github.com/repos/lapistano/proxy-object/zipball/bf26e21c32bd938f75c4ad43e10b65c1925f76a0",
                "reference": "bf26e21c32bd938f75c4ad43e10b65c1925f76a0",
                "shasum": ""
            },
            "require": {
                "php": ">=5.3.2"
            },
            "type": "library",
            "autoload": {
                "psr-0": {
                    "lapistano\\ProxyObject": "src/"
                }
            },
            "notification-url": "https://packagist.org/downloads/",
            "license": [
                "Apache 2.0"
            ],
            "authors": [
                {
                    "name": "Bastian Feder",
                    "email": "lapis@bastian-feder.de",
                    "homepage": "http://blog.bastian-feder.de"
                }
            ],
            "description": "A library that makes it much easier to generate a proxy of your system under test (SUT)",
            "homepage": "http://www.github.com/lapistano/proxy-object",
            "keywords": [
                "phpunit",
                "proxy-object",
                "testing"
            ],
            "time": "2013-06-18 14:58:18"
        }
    ],
    "aliases": [

    ],
    "minimum-stability": "dev",
    "stability-flags": {
        "beberlei/assert": 20,
        "lapistano/proxy-object": 20
    },
    "platform": [

    ],
    "platform-dev": [

    ]
}
